// !$*UTF8*$!
{
	archiveVersion = 1;
	classes = {
	};
	objectVersion = 46;
	objects = {

/* Begin PBXBuildFile section */
		8A0140B01D37E649007ACC62 /* CardTableViewController.m in Sources */ = {isa = PBXBuildFile; fileRef = 8A0140AF1D37E649007ACC62 /* CardTableViewController.m */; };
		8ABB565D1D3629190067575B /* main.m in Sources */ = {isa = PBXBuildFile; fileRef = 8ABB565C1D3629190067575B /* main.m */; };
		8ABB56601D3629190067575B /* AppDelegate.m in Sources */ = {isa = PBXBuildFile; fileRef = 8ABB565F1D3629190067575B /* AppDelegate.m */; };
		8ABB56631D3629190067575B /* ViewController.m in Sources */ = {isa = PBXBuildFile; fileRef = 8ABB56621D3629190067575B /* ViewController.m */; };
		8ABB56661D36291A0067575B /* Main.storyboard in Resources */ = {isa = PBXBuildFile; fileRef = 8ABB56641D36291A0067575B /* Main.storyboard */; };
		8ABB56681D36291A0067575B /* Assets.xcassets in Resources */ = {isa = PBXBuildFile; fileRef = 8ABB56671D36291A0067575B /* Assets.xcassets */; };
		8ABB566B1D36291A0067575B /* LaunchScreen.storyboard in Resources */ = {isa = PBXBuildFile; fileRef = 8ABB56691D36291A0067575B /* LaunchScreen.storyboard */; };
		8ABB56741D362B510067575B /* MainViewController.m in Sources */ = {isa = PBXBuildFile; fileRef = 8ABB56731D362B510067575B /* MainViewController.m */; };
		8ABB56771D365D680067575B /* MyTableViewController.m in Sources */ = {isa = PBXBuildFile; fileRef = 8ABB56761D365D680067575B /* MyTableViewController.m */; };
		8ABB567A1D3685910067575B /* ListTableViewController.m in Sources */ = {isa = PBXBuildFile; fileRef = 8ABB56791D3685910067575B /* ListTableViewController.m */; };
		8AECE7D01D38C6600010D22C /* DescViewController.m in Sources */ = {isa = PBXBuildFile; fileRef = 8AECE7CF1D38C6600010D22C /* DescViewController.m */; };
/* End PBXBuildFile section */

/* Begin PBXFileReference section */
		8A0140AE1D37E649007ACC62 /* CardTableViewController.h */ = {isa = PBXFileReference; fileEncoding = 4; lastKnownFileType = sourcecode.c.h; path = CardTableViewController.h; sourceTree = "<group>"; };
		8A0140AF1D37E649007ACC62 /* CardTableViewController.m */ = {isa = PBXFileReference; fileEncoding = 4; lastKnownFileType = sourcecode.c.objc; path = CardTableViewController.m; sourceTree = "<group>"; };
		8ABB56581D3629190067575B /* MyTrello.app */ = {isa = PBXFileReference; explicitFileType = wrapper.application; includeInIndex = 0; path = MyTrello.app; sourceTree = BUILT_PRODUCTS_DIR; };
		8ABB565C1D3629190067575B /* main.m */ = {isa = PBXFileReference; lastKnownFileType = sourcecode.c.objc; path = main.m; sourceTree = "<group>"; };
		8ABB565E1D3629190067575B /* AppDelegate.h */ = {isa = PBXFileReference; lastKnownFileType = sourcecode.c.h; path = AppDelegate.h; sourceTree = "<group>"; };
		8ABB565F1D3629190067575B /* AppDelegate.m */ = {isa = PBXFileReference; lastKnownFileType = sourcecode.c.objc; path = AppDelegate.m; sourceTree = "<group>"; };
		8ABB56611D3629190067575B /* ViewController.h */ = {isa = PBXFileReference; lastKnownFileType = sourcecode.c.h; path = ViewController.h; sourceTree = "<group>"; };
		8ABB56621D3629190067575B /* ViewController.m */ = {isa = PBXFileReference; lastKnownFileType = sourcecode.c.objc; path = ViewController.m; sourceTree = "<group>"; };
		8ABB56651D36291A0067575B /* Base */ = {isa = PBXFileReference; lastKnownFileType = file.storyboard; name = Base; path = Base.lproj/Main.storyboard; sourceTree = "<group>"; };
		8ABB56671D36291A0067575B /* Assets.xcassets */ = {isa = PBXFileReference; lastKnownFileType = folder.assetcatalog; path = Assets.xcassets; sourceTree = "<group>"; };
		8ABB566A1D36291A0067575B /* Base */ = {isa = PBXFileReference; lastKnownFileType = file.storyboard; name = Base; path = Base.lproj/LaunchScreen.storyboard; sourceTree = "<group>"; };
		8ABB566C1D36291A0067575B /* Info.plist */ = {isa = PBXFileReference; lastKnownFileType = text.plist.xml; path = Info.plist; sourceTree = "<group>"; };
		8ABB56721D362B510067575B /* MainViewController.h */ = {isa = PBXFileReference; fileEncoding = 4; lastKnownFileType = sourcecode.c.h; path = MainViewController.h; sourceTree = "<group>"; };
		8ABB56731D362B510067575B /* MainViewController.m */ = {isa = PBXFileReference; fileEncoding = 4; lastKnownFileType = sourcecode.c.objc; path = MainViewController.m; sourceTree = "<group>"; };
		8ABB56751D365D680067575B /* MyTableViewController.h */ = {isa = PBXFileReference; fileEncoding = 4; lastKnownFileType = sourcecode.c.h; path = MyTableViewController.h; sourceTree = "<group>"; };
		8ABB56761D365D680067575B /* MyTableViewController.m */ = {isa = PBXFileReference; fileEncoding = 4; lastKnownFileType = sourcecode.c.objc; path = MyTableViewController.m; sourceTree = "<group>"; };
		8ABB56781D3685910067575B /* ListTableViewController.h */ = {isa = PBXFileReference; fileEncoding = 4; lastKnownFileType = sourcecode.c.h; path = ListTableViewController.h; sourceTree = "<group>"; };
		8ABB56791D3685910067575B /* ListTableViewController.m */ = {isa = PBXFileReference; fileEncoding = 4; lastKnownFileType = sourcecode.c.objc; path = ListTableViewController.m; sourceTree = "<group>"; };
		8AECE7CE1D38C6600010D22C /* DescViewController.h */ = {isa = PBXFileReference; fileEncoding = 4; lastKnownFileType = sourcecode.c.h; path = DescViewController.h; sourceTree = "<group>"; };
		8AECE7CF1D38C6600010D22C /* DescViewController.m */ = {isa = PBXFileReference; fileEncoding = 4; lastKnownFileType = sourcecode.c.objc; path = DescViewController.m; sourceTree = "<group>"; };
/* End PBXFileReference section */

/* Begin PBXFrameworksBuildPhase section */
		8ABB56551D3629190067575B /* Frameworks */ = {
			isa = PBXFrameworksBuildPhase;
			buildActionMask = 2147483647;
			files = (
			);
			runOnlyForDeploymentPostprocessing = 0;
		};
/* End PBXFrameworksBuildPhase section */

/* Begin PBXGroup section */
		8ABB564F1D3629190067575B = {
			isa = PBXGroup;
			children = (
				8ABB565A1D3629190067575B /* MyTrello */,
				8ABB56591D3629190067575B /* Products */,
			);
			sourceTree = "<group>";
		};
		8ABB56591D3629190067575B /* Products */ = {
			isa = PBXGroup;
			children = (
				8ABB56581D3629190067575B /* MyTrello.app */,
			);
			name = Products;
			sourceTree = "<group>";
		};
		8ABB565A1D3629190067575B /* MyTrello */ = {
			isa = PBXGroup;
			children = (
				8ABB565E1D3629190067575B /* AppDelegate.h */,
				8ABB565F1D3629190067575B /* AppDelegate.m */,
				8ABB56611D3629190067575B /* ViewController.h */,
				8ABB56621D3629190067575B /* ViewController.m */,
				8ABB56641D36291A0067575B /* Main.storyboard */,
				8AECE7CE1D38C6600010D22C /* DescViewController.h */,
				8AECE7CF1D38C6600010D22C /* DescViewController.m */,
				8A0140AE1D37E649007ACC62 /* CardTableViewController.h */,
				8A0140AF1D37E649007ACC62 /* CardTableViewController.m */,
				8ABB56781D3685910067575B /* ListTableViewController.h */,
				8ABB56791D3685910067575B /* ListTableViewController.m */,
				8ABB56761D365D680067575B /* MyTableViewController.m */,
				8ABB56751D365D680067575B /* MyTableViewController.h */,
				8ABB56721D362B510067575B /* MainViewController.h */,
				8ABB56731D362B510067575B /* MainViewController.m */,
				8ABB56671D36291A0067575B /* Assets.xcassets */,
				8ABB56691D36291A0067575B /* LaunchScreen.storyboard */,
				8ABB566C1D36291A0067575B /* Info.plist */,
				8ABB565B1D3629190067575B /* Supporting Files */,
			);
			path = MyTrello;
			sourceTree = "<group>";
		};
		8ABB565B1D3629190067575B /* Supporting Files */ = {
			isa = PBXGroup;
			children = (
				8ABB565C1D3629190067575B /* main.m */,
			);
			name = "Supporting Files";
			sourceTree = "<group>";
		};
/* End PBXGroup section */

/* Begin PBXNativeTarget section */
		8ABB56571D3629190067575B /* MyTrello */ = {
			isa = PBXNativeTarget;
			buildConfigurationList = 8ABB566F1D36291A0067575B /* Build configuration list for PBXNativeTarget "MyTrello" */;
			buildPhases = (
				8ABB56541D3629190067575B /* Sources */,
				8ABB56551D3629190067575B /* Frameworks */,
				8ABB56561D3629190067575B /* Resources */,
			);
			buildRules = (
			);
			dependencies = (
			);
			name = MyTrello;
			productName = MyTrello;
			productReference = 8ABB56581D3629190067575B /* MyTrello.app */;
			productType = "com.apple.product-type.application";
		};
/* End PBXNativeTarget section */

/* Begin PBXProject section */
		8ABB56501D3629190067575B /* Project object */ = {
			isa = PBXProject;
			attributes = {
				LastUpgradeCheck = 0730;
				ORGANIZATIONNAME = "Belkacem Boughida";
				TargetAttributes = {
					8ABB56571D3629190067575B = {
						CreatedOnToolsVersion = 7.3.1;
					};
				};
			};
			buildConfigurationList = 8ABB56531D3629190067575B /* Build configuration list for PBXProject "MyTrello" */;
			compatibilityVersion = "Xcode 3.2";
			developmentRegion = English;
			hasScannedForEncodings = 0;
			knownRegions = (
				en,
				Base,
			);
			mainGroup = 8ABB564F1D3629190067575B;
			productRefGroup = 8ABB56591D3629190067575B /* Products */;
			projectDirPath = "";
			projectRoot = "";
			targets = (
				8ABB56571D3629190067575B /* MyTrello */,
			);
		};
/* End PBXProject section */

/* Begin PBXResourcesBuildPhase section */
		8ABB56561D3629190067575B /* Resources */ = {
			isa = PBXResourcesBuildPhase;
			buildActionMask = 2147483647;
			files = (
				8ABB566B1D36291A0067575B /* LaunchScreen.storyboard in Resources */,
				8ABB56681D36291A0067575B /* Assets.xcassets in Resources */,
				8ABB56661D36291A0067575B /* Main.storyboard in Resources */,
			);
			runOnlyForDeploymentPostprocessing = 0;
		};
/* End PBXResourcesBuildPhase section */

/* Begin PBXSourcesBuildPhase section */
		8ABB56541D3629190067575B /* Sources */ = {
			isa = PBXSourcesBuildPhase;
			buildActionMask = 2147483647;
			files = (
				8ABB56631D3629190067575B /* ViewController.m in Sources */,
				8ABB56771D365D680067575B /* MyTableViewController.m in Sources */,
				8A0140B01D37E649007ACC62 /* CardTableViewController.m in Sources */,
				8ABB56601D3629190067575B /* AppDelegate.m in Sources */,
				8ABB565D1D3629190067575B /* main.m in Sources */,
				8AECE7D01D38C6600010D22C /* DescViewController.m in Sources */,
				8ABB56741D362B510067575B /* MainViewController.m in Sources */,
				8ABB567A1D3685910067575B /* ListTableViewController.m in Sources */,
			);
			runOnlyForDeploymentPostprocessing = 0;
		};
/* End PBXSourcesBuildPhase section */

/* Begin PBXVariantGroup section */
		8ABB56641D36291A0067575B /* Main.storyboard */ = {
			isa = PBXVariantGroup;
			children = (
				8ABB56651D36291A0067575B /* Base */,
			);
			name = Main.storyboard;
			sourceTree = "<group>";
		};
		8ABB56691D36291A0067575B /* LaunchScreen.storyboard */ = {
			isa = PBXVariantGroup;
			children = (
				8ABB566A1D36291A0067575B /* Base */,
			);
			name = LaunchScreen.storyboard;
			sourceTree = "<group>";
		};
/* End PBXVariantGroup section */

/* Begin XCBuildConfiguration section */
		8ABB566D1D36291A0067575B /* Debug */ = {
			isa = XCBuildConfiguration;
			buildSettings = {
				ALWAYS_SEARCH_USER_PATHS = NO;
				CLANG_ANALYZER_NONNULL = YES;
				CLANG_CXX_LANGUAGE_STANDARD = "gnu++0x";
				CLANG_CXX_LIBRARY = "libc++";
				CLANG_ENABLE_MODULES = YES;
				CLANG_ENABLE_OBJC_ARC = YES;
				CLANG_WARN_BOOL_CONVERSION = YES;
				CLANG_WARN_CONSTANT_CONVERSION = YES;
				CLANG_WARN_DIRECT_OBJC_ISA_USAGE = YES_ERROR;
				CLANG_WARN_EMPTY_BODY = YES;
				CLANG_WARN_ENUM_CONVERSION = YES;
				CLANG_WARN_INT_CONVERSION = YES;
				CLANG_WARN_OBJC_ROOT_CLASS = YES_ERROR;
				CLANG_WARN_UNREACHABLE_CODE = YES;
				CLANG_WARN__DUPLICATE_METHOD_MATCH = YES;
				"CODE_SIGN_IDENTITY[sdk=iphoneos*]" = "iPhone Developer";
				COPY_PHASE_STRIP = NO;
				DEBUG_INFORMATION_FORMAT = dwarf;
				ENABLE_STRICT_OBJC_MSGSEND = YES;
				ENABLE_TESTABILITY = YES;
				GCC_C_LANGUAGE_STANDARD = gnu99;
				GCC_DYNAMIC_NO_PIC = NO;
				GCC_NO_COMMON_BLOCKS = YES;
				GCC_OPTIMIZATION_LEVEL = 0;
				GCC_PREPROCESSOR_DEFINITIONS = (
					"DEBUG=1",
					"$(inherited)",
				);
				GCC_WARN_64_TO_32_BIT_CONVERSION = YES;
				GCC_WARN_ABOUT_RETURN_TYPE = YES_ERROR;
				GCC_WARN_UNDECLARED_SELECTOR = YES;
				GCC_WARN_UNINITIALIZED_AUTOS = YES_AGGRESSIVE;
				GCC_WARN_UNUSED_FUNCTION = YES;
				GCC_WARN_UNUSED_VARIABLE = YES;
				IPHONEOS_DEPLOYMENT_TARGET = 9.3;
				MTL_ENABLE_DEBUG_INFO = YES;
				ONLY_ACTIVE_ARCH = YES;
				SDKROOT = iphoneos;
			};
			name = Debug;
		};
		8ABB566E1D36291A0067575B /* Release */ = {
			isa = XCBuildConfiguration;
			buildSettings = {
				ALWAYS_SEARCH_USER_PATHS = NO;
				CLANG_ANALYZER_NONNULL = YES;
				CLANG_CXX_LANGUAGE_STANDARD = "gnu++0x";
				CLANG_CXX_LIBRARY = "libc++";
				CLANG_ENABLE_MODULES = YES;
				CLANG_ENABLE_OBJC_ARC = YES;
				CLANG_WARN_BOOL_CONVERSION = YES;
				CLANG_WARN_CONSTANT_CONVERSION = YES;
				CLANG_WARN_DIRECT_OBJC_ISA_USAGE = YES_ERROR;
				CLANG_WARN_EMPTY_BODY = YES;
				CLANG_WARN_ENUM_CONVERSION = YES;
				CLANG_WARN_INT_CONVERSION = YES;
				CLANG_WARN_OBJC_ROOT_CLASS = YES_ERROR;
				CLANG_WARN_UNREACHABLE_CODE = YES;
				CLANG_WARN__DUPLICATE_METHOD_MATCH = YES;
				"CODE_SIGN_IDENTITY[sdk=iphoneos*]" = "iPhone Developer";
				COPY_PHASE_STRIP = NO;
				DEBUG_INFORMATION_FORMAT = "dwarf-with-dsym";
				ENABLE_NS_ASSERTIONS = NO;
				ENABLE_STRICT_OBJC_MSGSEND = YES;
				GCC_C_LANGUAGE_STANDARD = gnu99;
				GCC_NO_COMMON_BLOCKS = YES;
				GCC_WARN_64_TO_32_BIT_CONVERSION = YES;
				GCC_WARN_ABOUT_RETURN_TYPE = YES_ERROR;
				GCC_WARN_UNDECLARED_SELECTOR = YES;
				GCC_WARN_UNINITIALIZED_AUTOS = YES_AGGRESSIVE;
				GCC_WARN_UNUSED_FUNCTION = YES;
				GCC_WARN_UNUSED_VARIABLE = YES;
				IPHONEOS_DEPLOYMENT_TARGET = 9.3;
				MTL_ENABLE_DEBUG_INFO = NO;
				SDKROOT = iphoneos;
				VALIDATE_PRODUCT = YES;
			};
			name = Release;
		};
		8ABB56701D36291A0067575B /* Debug */ = {
			isa = XCBuildConfiguration;
			buildSettings = {
				ASSETCATALOG_COMPILER_APPICON_NAME = AppIcon;
				INFOPLIST_FILE = MyTrello/Info.plist;
				LD_RUNPATH_SEARCH_PATHS = "$(inherited) @executable_path/Frameworks";
				PRODUCT_BUNDLE_IDENTIFIER = com.Belkacem.MyTrello;
				PRODUCT_NAME = "$(TARGET_NAME)";
			};
			name = Debug;
		};
		8ABB56711D36291A0067575B /* Release */ = {
			isa = XCBuildConfiguration;
			buildSettings = {
				ASSETCATALOG_COMPILER_APPICON_NAME = AppIcon;
				INFOPLIST_FILE = MyTrello/Info.plist;
				LD_RUNPATH_SEARCH_PATHS = "$(inherited) @executable_path/Frameworks";
				PRODUCT_BUNDLE_IDENTIFIER = com.Belkacem.MyTrello;
				PRODUCT_NAME = "$(TARGET_NAME)";
			};
			name = Release;
		};
/* End XCBuildConfiguration section */

/* Begin XCConfigurationList section */
		8ABB56531D3629190067575B /* Build configuration list for PBXProject "MyTrello" */ = {
			isa = XCConfigurationList;
			buildConfigurations = (
				8ABB566D1D36291A0067575B /* Debug */,
				8ABB566E1D36291A0067575B /* Release */,
			);
			defaultConfigurationIsVisible = 0;
			defaultConfigurationName = Release;
		};
		8ABB566F1D36291A0067575B /* Build configuration list for PBXNativeTarget "MyTrello" */ = {
			isa = XCConfigurationList;
			buildConfigurations = (
				8ABB56701D36291A0067575B /* Debug */,
				8ABB56711D36291A0067575B /* Release */,
			);
			defaultConfigurationIsVisible = 0;
			defaultConfigurationName = Release;
		};
/* End XCConfigurationList section */
	};
	rootObject = 8ABB56501D3629190067575B /* Project object */;
}
